{
  "pins" : [
    {
      "identity" : "aircore-media-panel-ios",
      "kind" : "remoteSourceControl",
      "location" : "https://github.com/aircoreio/aircore-media-panel-ios",
      "state" : {
        "revision" : "a51bd87966db77a91643acfaea7d8c80a747f8c6",
        "version" : "1.0.1"
      }
    },
    {
      "identity" : "airtimemedia-ios",
      "kind" : "remoteSourceControl",
      "location" : "https://github.com/airtimemedia/AirtimeMedia-iOS.git",
      "state" : {
        "revision" : "c3b63ce2b777bae402c70be6bb1c1ca61532c8a1",
        "version" : "1.5.2"
      }
    }
  ],
  "version" : 2
}
